
Microsoft Visual Studio Solution File, Format Version 12.00
# Visual Studio Version 17
VisualStudioVersion = 17.1.32210.238
MinimumVisualStudioVersion = 10.0.40219.1
Project("{FAE04EC0-301F-11D3-BF4B-00C04F79EFBC}") = "BitmapZadatak", "BitmapZadatak\BitmapZadatak.csproj", "{26583472-8735-477A-9521-A13072A87B17}"
EndProject
Global
	GlobalSection(SolutionConfigurationPlatforms) = preSolution
		Debug|Any CPU = Debug|Any CPU
		Release|Any CPU = Release|Any CPU
	EndGlobalSection
	GlobalSection(ProjectConfigurationPlatforms) = postSolution
		{26583472-8735-477A-9521-A13072A87B17}.Debug|Any CPU.ActiveCfg = Debug|Any CPU
		{26583472-8735-477A-9521-A13072A87B17}.Debug|Any CPU.Build.0 = Debug|Any CPU
		{26583472-8735-477A-9521-A13072A87B17}.Release|Any CPU.ActiveCfg = Release|Any CPU
		{26583472-8735-477A-9521-A13072A87B17}.Release|Any CPU.Build.0 = Release|Any CPU
	EndGlobalSection
	GlobalSection(SolutionProperties) = preSolution
		HideSolutionNode = FALSE
	EndGlobalSection
	GlobalSection(ExtensibilityGlobals) = postSolution
		SolutionGuid = {254226DA-DFD8-40F0-B68F-E4A81F30D7B2}
	EndGlobalSection
EndGlobal
